github.com/go-telegram-bot-api/telegram-bot-api/v5 v5.5.1 h1:wG8n/XJQ07TmjbITcGiUaOtXxdrINDz1b0J1w0SzqDc=
github.com/go-telegram-bot-api/telegram-bot-api/v5 v5.5.1/go.mod h1:A2S0CWkNylc2phvKXWBBdD3K0iGnDBGbzRpISP2zBl8=
github.com/jellydator/ttlcache/v3 v3.2.0 h1:6lqVJ8X3ZaUwvzENqPAobDsXNExfUJd61u++uW8a3LE=
github.com/jellydator/ttlcache/v3 v3.2.0/go.mod h1:hi7MGFdMAwZna5n2tuvh63DvFLzVKySzCVW6+0gA2n4=
github.com/joho/godotenv v1.5.1 h1:7eLL/+HRGLY0ldzfGMeQkb7vMd0as4CfYvUVzLqw0N0=
github.com/joho/godotenv v1.5.1/go.mod h1:f4LDr5Voq0i2e/R5DDNOoa2zzDfwtkZa6DnEwAbqwq4=
github.com/mehanizm/airtable v0.3.1 h1:PyuSukkZScm9/onHqJWA1/kscDjp/3c0ANsQiCdJTws=
github.com/mehanizm/airtable v0.3.1/go.mod h1:0wD9HInozzelKMw8XiY6czjsDygmAg1bzxSqAha/WLg=
golang.org/x/sync v0.1.0 h1:wsuoTGHzEhffawBOhz5CYhcrV4IdKZbEyZjBMuTp12o=
golang.org/x/sync v0.1.0/go.mod h1:RxMgew5VJxzue5/jJTE5uejpjVlOe/izrB70Jof72aM=
